// !$*UTF8*$!
{
	archiveVersion = 1;
	classes = {
	};
	objectVersion = 56;
	objects = {

/* Begin PBXBuildFile section */
		05233FBFD43403BCED8DA45F /* Localizable.xcstrings in Resources */ = {isa = PBXBuildFile; fileRef = 5801502FE6AFF46FA004B664 /* Localizable.xcstrings */; };
		CD2FBF902909504C00387B0B /* DetailView.swift in Sources */ = {isa = PBXBuildFile; fileRef = CD2FBF8F2909504C00387B0B /* DetailView.swift */; };
		CD2FBF9229095CC800387B0B /* AddView.swift in Sources */ = {isa = PBXBuildFile; fileRef = CD2FBF9129095CC800387B0B /* AddView.swift */; };
		CD81125D2A44878700239787 /* BallisticSettings.swift in Sources */ = {isa = PBXBuildFile; fileRef = CD81125C2A44878700239787 /* BallisticSettings.swift */; };
		CD9973FB28D49B4600C9D3FD /* PASTQUEENApp.swift in Sources */ = {isa = PBXBuildFile; fileRef = CD9973FA28D49B4600C9D3FD /* PASTQUEENApp.swift */; };
		CD9973FD28D49B4600C9D3FD /* LaunchView.swift in Sources */ = {isa = PBXBuildFile; fileRef = CD9973FC28D49B4600C9D3FD /* LaunchView.swift */; };
		CD9973FF28D49B4800C9D3FD /* Assets.xcassets in Resources */ = {isa = PBXBuildFile; fileRef = CD9973FE28D49B4800C9D3FD /* Assets.xcassets */; };
		CD99740328D49B4800C9D3FD /* Preview Assets.xcassets in Resources */ = {isa = PBXBuildFile; fileRef = CD99740228D49B4800C9D3FD /* Preview Assets.xcassets */; };
		CD9B27B428D4CE3800E28642 /* CalculatorView.swift in Sources */ = {isa = PBXBuildFile; fileRef = CD9B27B328D4CE3800E28642 /* CalculatorView.swift */; };
		CDA6EECF2919312C004196DF /* WeatherManager.swift in Sources */ = {isa = PBXBuildFile; fileRef = CDA6EECD2919312C004196DF /* WeatherManager.swift */; };
		CDBEAE6A2F65E8B700D3A843 /* Ballistics in Frameworks */ = {isa = PBXBuildFile; productRef = CDBEAE692F65E8B700D3A843 /* Ballistics */; };
		CDE935BB2EE46EB7008DDD15 /* BallisticCalculator.swift in Sources */ = {isa = PBXBuildFile; fileRef = CDE935BA2EE46EB7008DDD15 /* BallisticCalculator.swift */; };
		CDE935BC2EE46EB7008DDD15 /* AmmunitionData.swift in Sources */ = {isa = PBXBuildFile; fileRef = CDE935B92EE46EB7008DDD15 /* AmmunitionData.swift */; };
		CDFD841029D6F39D00E9B274 /* GravityManager.swift in Sources */ = {isa = PBXBuildFile; fileRef = CDFD840F29D6F39D00E9B274 /* GravityManager.swift */; };
		CDFD841229D71F1C00E9B274 /* LocationManager.swift in Sources */ = {isa = PBXBuildFile; fileRef = CDFD841129D71F1C00E9B274 /* LocationManager.swift */; };
		F8F7E2D3F7B4F5C2B0EC9067 /* AmmunitionListView.swift in Sources */ = {isa = PBXBuildFile; fileRef = 64490F2424B9909B430E02E8 /* AmmunitionListView.swift */; };
/* End PBXBuildFile section */

/* Begin PBXFileReference section */
		5801502FE6AFF46FA004B664 /* Localizable.xcstrings */ = {isa = PBXFileReference; includeInIndex = 1; path = Localizable.xcstrings; sourceTree = "<group>"; };
		64490F2424B9909B430E02E8 /* AmmunitionListView.swift */ = {isa = PBXFileReference; includeInIndex = 1; lastKnownFileType = sourcecode.swift; path = AmmunitionListView.swift; sourceTree = "<group>"; };
		CD2FBF8F2909504C00387B0B /* DetailView.swift */ = {isa = PBXFileReference; lastKnownFileType = sourcecode.swift; path = DetailView.swift; sourceTree = "<group>"; };
		CD2FBF9129095CC800387B0B /* AddView.swift */ = {isa = PBXFileReference; lastKnownFileType = sourcecode.swift; path = AddView.swift; sourceTree = "<group>"; };
		CD81125C2A44878700239787 /* BallisticSettings.swift */ = {isa = PBXFileReference; lastKnownFileType = sourcecode.swift; path = BallisticSettings.swift; sourceTree = "<group>"; };
		CD9973F728D49B4600C9D3FD /* PASTQUEEN.app */ = {isa = PBXFileReference; explicitFileType = wrapper.application; includeInIndex = 0; path = PASTQUEEN.app; sourceTree = BUILT_PRODUCTS_DIR; };
		CD9973FA28D49B4600C9D3FD /* PASTQUEENApp.swift */ = {isa = PBXFileReference; lastKnownFileType = sourcecode.swift; path = PASTQUEENApp.swift; sourceTree = "<group>"; };
		CD9973FC28D49B4600C9D3FD /* LaunchView.swift */ = {isa = PBXFileReference; lastKnownFileType = sourcecode.swift; path = LaunchView.swift; sourceTree = "<group>"; };
		CD9973FE28D49B4800C9D3FD /* Assets.xcassets */ = {isa = PBXFileReference; lastKnownFileType = folder.assetcatalog; path = Assets.xcassets; sourceTree = "<group>"; };
		CD99740028D49B4800C9D3FD /* PASTQUEEN.entitlements */ = {isa = PBXFileReference; lastKnownFileType = text.plist.entitlements; path = PASTQUEEN.entitlements; sourceTree = "<group>"; };
		CD99740228D49B4800C9D3FD /* Preview Assets.xcassets */ = {isa = PBXFileReference; lastKnownFileType = folder.assetcatalog; path = "Preview Assets.xcassets"; sourceTree = "<group>"; };
		CD9B27B328D4CE3800E28642 /* CalculatorView.swift */ = {isa = PBXFileReference; lastKnownFileType = sourcecode.swift; path = CalculatorView.swift; sourceTree = "<group>"; };
		CDA6EECD2919312C004196DF /* WeatherManager.swift */ = {isa = PBXFileReference; fileEncoding = 4; lastKnownFileType = sourcecode.swift; path = WeatherManager.swift; sourceTree = "<group>"; };
		CDE935B92EE46EB7008DDD15 /* AmmunitionData.swift */ = {isa = PBXFileReference; lastKnownFileType = sourcecode.swift; path = AmmunitionData.swift; sourceTree = "<group>"; };
		CDE935BA2EE46EB7008DDD15 /* BallisticCalculator.swift */ = {isa = PBXFileReference; lastKnownFileType = sourcecode.swift; path = BallisticCalculator.swift; sourceTree = "<group>"; };
		CDFD840F29D6F39D00E9B274 /* GravityManager.swift */ = {isa = PBXFileReference; lastKnownFileType = sourcecode.swift; path = GravityManager.swift; sourceTree = "<group>"; };
		CDFD841129D71F1C00E9B274 /* LocationManager.swift */ = {isa = PBXFileReference; lastKnownFileType = sourcecode.swift; path = LocationManager.swift; sourceTree = "<group>"; };
/* End PBXFileReference section */

/* Begin PBXFrameworksBuildPhase section */
		CD9973F428D49B4600C9D3FD /* Frameworks */ = {
			isa = PBXFrameworksBuildPhase;
			buildActionMask = 2147483647;
			files = (
				CDBEAE6A2F65E8B700D3A843 /* Ballistics in Frameworks */,
			);
			runOnlyForDeploymentPostprocessing = 0;
		};
/* End PBXFrameworksBuildPhase section */

/* Begin PBXGroup section */
		7DB33F5F35BCBFCEDADDDBB3 /* Resources */ = {
			isa = PBXGroup;
			children = (
			);
			name = Resources;
			sourceTree = "<group>";
		};
		CD495C3028E0A66E00620946 /* Models */ = {
			isa = PBXGroup;
			children = (
				CDE935B92EE46EB7008DDD15 /* AmmunitionData.swift */,
				CDE935BA2EE46EB7008DDD15 /* BallisticCalculator.swift */,
				CD81125C2A44878700239787 /* BallisticSettings.swift */,
				CDA6EECD2919312C004196DF /* WeatherManager.swift */,
				CDFD841129D71F1C00E9B274 /* LocationManager.swift */,
				CDFD840F29D6F39D00E9B274 /* GravityManager.swift */,
			);
			path = Models;
			sourceTree = "<group>";
		};
		CD495C3928E0A6DD00620946 /* Views */ = {
			isa = PBXGroup;
			children = (
				CD9973FC28D49B4600C9D3FD /* LaunchView.swift */,
				CD2FBF8F2909504C00387B0B /* DetailView.swift */,
				CD9B27B328D4CE3800E28642 /* CalculatorView.swift */,
				CD2FBF9129095CC800387B0B /* AddView.swift */,
				64490F2424B9909B430E02E8 /* AmmunitionListView.swift */,
			);
			path = Views;
			sourceTree = "<group>";
		};
		CD9973EE28D49B4600C9D3FD = {
			isa = PBXGroup;
			children = (
				CD9973F928D49B4600C9D3FD /* PASTQUEEN */,
				CD9973F828D49B4600C9D3FD /* Products */,
			);
			sourceTree = "<group>";
		};
		CD9973F828D49B4600C9D3FD /* Products */ = {
			isa = PBXGroup;
			children = (
				CD9973F728D49B4600C9D3FD /* PASTQUEEN.app */,
			);
			name = Products;
			sourceTree = "<group>";
		};
		CD9973F928D49B4600C9D3FD /* PASTQUEEN */ = {
			isa = PBXGroup;
			children = (
				CD9973FA28D49B4600C9D3FD /* PASTQUEENApp.swift */,
				CD495C3028E0A66E00620946 /* Models */,
				CD495C3928E0A6DD00620946 /* Views */,
				CD9973FE28D49B4800C9D3FD /* Assets.xcassets */,
				CD99740028D49B4800C9D3FD /* PASTQUEEN.entitlements */,
				CD99740128D49B4800C9D3FD /* Preview Content */,
				7DB33F5F35BCBFCEDADDDBB3 /* Resources */,
				5801502FE6AFF46FA004B664 /* Localizable.xcstrings */,
			);
			path = PASTQUEEN;
			sourceTree = "<group>";
		};
		CD99740128D49B4800C9D3FD /* Preview Content */ = {
			isa = PBXGroup;
			children = (
				CD99740228D49B4800C9D3FD /* Preview Assets.xcassets */,
			);
			path = "Preview Content";
			sourceTree = "<group>";
		};
/* End PBXGroup section */

/* Begin PBXNativeTarget section */
		CD9973F628D49B4600C9D3FD /* PASTQUEEN */ = {
			isa = PBXNativeTarget;
			buildConfigurationList = CD99740628D49B4800C9D3FD /* Build configuration list for PBXNativeTarget "PASTQUEEN" */;
			buildPhases = (
				CD9973F328D49B4600C9D3FD /* Sources */,
				CD9973F428D49B4600C9D3FD /* Frameworks */,
				CD9973F528D49B4600C9D3FD /* Resources */,
			);
			buildRules = (
			);
			dependencies = (
			);
			name = PASTQUEEN;
			productName = PASTQUEEN;
			productReference = CD9973F728D49B4600C9D3FD /* PASTQUEEN.app */;
			productType = "com.apple.product-type.application";
		};
/* End PBXNativeTarget section */

/* Begin PBXProject section */
		CD9973EF28D49B4600C9D3FD /* Project object */ = {
			isa = PBXProject;
			attributes = {
				BuildIndependentTargetsInParallel = 1;
				LastSwiftUpdateCheck = 1410;
				LastUpgradeCheck = 2640;
				TargetAttributes = {
					CD9973F628D49B4600C9D3FD = {
						CreatedOnToolsVersion = 14.1;
					};
				};
			};
			buildConfigurationList = CD9973F228D49B4600C9D3FD /* Build configuration list for PBXProject "PASTQUEEN" */;
			compatibilityVersion = "Xcode 14.0";
			developmentRegion = en;
			hasScannedForEncodings = 0;
			knownRegions = (
				en,
				Base,
			);
			mainGroup = CD9973EE28D49B4600C9D3FD;
			packageReferences = (
				CDBEAE682F65E8B700D3A843 /* XCRemoteSwiftPackageReference "swift-ballistics.git" */,
			);
			productRefGroup = CD9973F828D49B4600C9D3FD /* Products */;
			projectDirPath = "";
			projectRoot = "";
			targets = (
				CD9973F628D49B4600C9D3FD /* PASTQUEEN */,
			);
		};
/* End PBXProject section */

/* Begin PBXResourcesBuildPhase section */
		CD9973F528D49B4600C9D3FD /* Resources */ = {
			isa = PBXResourcesBuildPhase;
			buildActionMask = 2147483647;
			files = (
				CD99740328D49B4800C9D3FD /* Preview Assets.xcassets in Resources */,
				CD9973FF28D49B4800C9D3FD /* Assets.xcassets in Resources */,
				05233FBFD43403BCED8DA45F /* Localizable.xcstrings in Resources */,
			);
			runOnlyForDeploymentPostprocessing = 0;
		};
/* End PBXResourcesBuildPhase section */

/* Begin PBXSourcesBuildPhase section */
		CD9973F328D49B4600C9D3FD /* Sources */ = {
			isa = PBXSourcesBuildPhase;
			buildActionMask = 2147483647;
			files = (
				CD9973FD28D49B4600C9D3FD /* LaunchView.swift in Sources */,
				CDE935BB2EE46EB7008DDD15 /* BallisticCalculator.swift in Sources */,
				CDE935BC2EE46EB7008DDD15 /* AmmunitionData.swift in Sources */,
				CD9B27B428D4CE3800E28642 /* CalculatorView.swift in Sources */,
				CDFD841029D6F39D00E9B274 /* GravityManager.swift in Sources */,
				CD81125D2A44878700239787 /* BallisticSettings.swift in Sources */,
				CDFD841229D71F1C00E9B274 /* LocationManager.swift in Sources */,
				CD9973FB28D49B4600C9D3FD /* PASTQUEENApp.swift in Sources */,
				CD2FBF902909504C00387B0B /* DetailView.swift in Sources */,
				CDA6EECF2919312C004196DF /* WeatherManager.swift in Sources */,
				CD2FBF9229095CC800387B0B /* AddView.swift in Sources */,
				F8F7E2D3F7B4F5C2B0EC9067 /* AmmunitionListView.swift in Sources */,
			);
			runOnlyForDeploymentPostprocessing = 0;
		};
/* End PBXSourcesBuildPhase section */

/* Begin XCBuildConfiguration section */
		CD99740428D49B4800C9D3FD /* Debug */ = {
			isa = XCBuildConfiguration;
			buildSettings = {
				ALWAYS_SEARCH_USER_PATHS = NO;
				CLANG_ANALYZER_NONNULL = YES;
				CLANG_ANALYZER_NUMBER_OBJECT_CONVERSION = YES_AGGRESSIVE;
				CLANG_CXX_LANGUAGE_STANDARD = "gnu++20";
				CLANG_ENABLE_MODULES = YES;
				CLANG_ENABLE_OBJC_ARC = YES;
				CLANG_ENABLE_OBJC_WEAK = YES;
				CLANG_WARN_BLOCK_CAPTURE_AUTORELEASING = YES;
				CLANG_WARN_BOOL_CONVERSION = YES;
				CLANG_WARN_COMMA = YES;
				CLANG_WARN_CONSTANT_CONVERSION = YES;
				CLANG_WARN_DEPRECATED_OBJC_IMPLEMENTATIONS = YES;
				CLANG_WARN_DIRECT_OBJC_ISA_USAGE = YES_ERROR;
				CLANG_WARN_DOCUMENTATION_COMMENTS = YES;
				CLANG_WARN_EMPTY_BODY = YES;
				CLANG_WARN_ENUM_CONVERSION = YES;
				CLANG_WARN_INFINITE_RECURSION = YES;
				CLANG_WARN_INT_CONVERSION = YES;
				CLANG_WARN_NON_LITERAL_NULL_CONVERSION = YES;
				CLANG_WARN_OBJC_IMPLICIT_RETAIN_SELF = YES;
				CLANG_WARN_OBJC_LITERAL_CONVERSION = YES;
				CLANG_WARN_OBJC_ROOT_CLASS = YES_ERROR;
				CLANG_WARN_QUOTED_INCLUDE_IN_FRAMEWORK_HEADER = YES;
				CLANG_WARN_RANGE_LOOP_ANALYSIS = YES;
				CLANG_WARN_STRICT_PROTOTYPES = YES;
				CLANG_WARN_SUSPICIOUS_MOVE = YES;
				CLANG_WARN_UNGUARDED_AVAILABILITY = YES_AGGRESSIVE;
				CLANG_WARN_UNREACHABLE_CODE = YES;
				CLANG_WARN__DUPLICATE_METHOD_MATCH = YES;
				CODE_SIGN_INJECT_BASE_ENTITLEMENTS = YES;
				COPY_PHASE_STRIP = NO;
				DEAD_CODE_STRIPPING = YES;
				DEBUG_INFORMATION_FORMAT = dwarf;
				DEVELOPMENT_TEAM = X8SJ59XXC8;
				ENABLE_STRICT_OBJC_MSGSEND = YES;
				ENABLE_TESTABILITY = YES;
				ENABLE_USER_SCRIPT_SANDBOXING = YES;
				GCC_C_LANGUAGE_STANDARD = gnu11;
				GCC_DYNAMIC_NO_PIC = NO;
				GCC_NO_COMMON_BLOCKS = YES;
				GCC_OPTIMIZATION_LEVEL = 0;
				GCC_PREPROCESSOR_DEFINITIONS = (
					"DEBUG=1",
					"$(inherited)",
				);
				GCC_WARN_64_TO_32_BIT_CONVERSION = YES;
				GCC_WARN_ABOUT_RETURN_TYPE = YES_ERROR;
				GCC_WARN_UNDECLARED_SELECTOR = YES;
				GCC_WARN_UNINITIALIZED_AUTOS = YES_AGGRESSIVE;
				GCC_WARN_UNUSED_FUNCTION = YES;
				GCC_WARN_UNUSED_VARIABLE = YES;
				IPHONEOS_DEPLOYMENT_TARGET = 26.0;
				MTL_ENABLE_DEBUG_INFO = INCLUDE_SOURCE;
				MTL_FAST_MATH = YES;
				ONLY_ACTIVE_ARCH = YES;
				STRING_CATALOG_GENERATE_SYMBOLS = YES;
				SWIFT_ACTIVE_COMPILATION_CONDITIONS = DEBUG;
				SWIFT_OPTIMIZATION_LEVEL = "-Onone";
			};
			name = Debug;
		};
		CD99740528D49B4800C9D3FD /* Release */ = {
			isa = XCBuildConfiguration;
			buildSettings = {
				ALWAYS_SEARCH_USER_PATHS = NO;
				CLANG_ANALYZER_NONNULL = YES;
				CLANG_ANALYZER_NUMBER_OBJECT_CONVERSION = YES_AGGRESSIVE;
				CLANG_CXX_LANGUAGE_STANDARD = "gnu++20";
				CLANG_ENABLE_MODULES = YES;
				CLANG_ENABLE_OBJC_ARC = YES;
				CLANG_ENABLE_OBJC_WEAK = YES;
				CLANG_WARN_BLOCK_CAPTURE_AUTORELEASING = YES;
				CLANG_WARN_BOOL_CONVERSION = YES;
				CLANG_WARN_COMMA = YES;
				CLANG_WARN_CONSTANT_CONVERSION = YES;
				CLANG_WARN_DEPRECATED_OBJC_IMPLEMENTATIONS = YES;
				CLANG_WARN_DIRECT_OBJC_ISA_USAGE = YES_ERROR;
				CLANG_WARN_DOCUMENTATION_COMMENTS = YES;
				CLANG_WARN_EMPTY_BODY = YES;
				CLANG_WARN_ENUM_CONVERSION = YES;
				CLANG_WARN_INFINITE_RECURSION = YES;
				CLANG_WARN_INT_CONVERSION = YES;
				CLANG_WARN_NON_LITERAL_NULL_CONVERSION = YES;
				CLANG_WARN_OBJC_IMPLICIT_RETAIN_SELF = YES;
				CLANG_WARN_OBJC_LITERAL_CONVERSION = YES;
				CLANG_WARN_OBJC_ROOT_CLASS = YES_ERROR;
				CLANG_WARN_QUOTED_INCLUDE_IN_FRAMEWORK_HEADER = YES;
				CLANG_WARN_RANGE_LOOP_ANALYSIS = YES;
				CLANG_WARN_STRICT_PROTOTYPES = YES;
				CLANG_WARN_SUSPICIOUS_MOVE = YES;
				CLANG_WARN_UNGUARDED_AVAILABILITY = YES_AGGRESSIVE;
				CLANG_WARN_UNREACHABLE_CODE = YES;
				CLANG_WARN__DUPLICATE_METHOD_MATCH = YES;
				CODE_SIGN_INJECT_BASE_ENTITLEMENTS = NO;
				COPY_PHASE_STRIP = NO;
				DEAD_CODE_STRIPPING = YES;
				DEBUG_INFORMATION_FORMAT = "dwarf-with-dsym";
				DEPLOYMENT_POSTPROCESSING = YES;
				DEVELOPMENT_TEAM = X8SJ59XXC8;
				ENABLE_NS_ASSERTIONS = NO;
				ENABLE_STRICT_OBJC_MSGSEND = YES;
				ENABLE_USER_SCRIPT_SANDBOXING = YES;
				GCC_C_LANGUAGE_STANDARD = gnu11;
				GCC_NO_COMMON_BLOCKS = YES;
				GCC_WARN_64_TO_32_BIT_CONVERSION = YES;
				GCC_WARN_ABOUT_RETURN_TYPE = YES_ERROR;
				GCC_WARN_UNDECLARED_SELECTOR = YES;
				GCC_WARN_UNINITIALIZED_AUTOS = YES_AGGRESSIVE;
				GCC_WARN_UNUSED_FUNCTION = YES;
				GCC_WARN_UNUSED_VARIABLE = YES;
				IPHONEOS_DEPLOYMENT_TARGET = 26.0;
				MTL_ENABLE_DEBUG_INFO = NO;
				MTL_FAST_MATH = YES;
				STRING_CATALOG_GENERATE_SYMBOLS = YES;
				SWIFT_COMPILATION_MODE = wholemodule;
				SWIFT_OPTIMIZATION_LEVEL = "-O";
			};
			name = Release;
		};
		CD99740728D49B4800C9D3FD /* Debug */ = {
			isa = XCBuildConfiguration;
			buildSettings = {
				ASSETCATALOG_COMPILER_APPICON_NAME = AppIcon;
				ASSETCATALOG_COMPILER_GLOBAL_ACCENT_COLOR_NAME = AccentColor;
				CODE_SIGN_ENTITLEMENTS = PASTQUEEN/PASTQUEEN.entitlements;
				CODE_SIGN_INJECT_BASE_ENTITLEMENTS = YES;
				CODE_SIGN_STYLE = Automatic;
				CURRENT_PROJECT_VERSION = 1;
				DEAD_CODE_STRIPPING = YES;
				DEVELOPMENT_ASSET_PATHS = "\"PASTQUEEN/Preview Content\"";
				ENABLE_HARDENED_RUNTIME = YES;
				ENABLE_PREVIEWS = YES;
				GENERATE_INFOPLIST_FILE = YES;
				INFOPLIST_KEY_LSApplicationCategoryType = "public.app-category.utilities";
				INFOPLIST_KEY_NSLocationWhenInUseUsageDescription = "Apps need access your location";
				"INFOPLIST_KEY_UIApplicationSceneManifest_Generation[sdk=iphoneos*]" = YES;
				"INFOPLIST_KEY_UIApplicationSceneManifest_Generation[sdk=iphonesimulator*]" = YES;
				"INFOPLIST_KEY_UIApplicationSupportsIndirectInputEvents[sdk=iphoneos*]" = YES;
				"INFOPLIST_KEY_UIApplicationSupportsIndirectInputEvents[sdk=iphonesimulator*]" = YES;
				"INFOPLIST_KEY_UILaunchScreen_Generation[sdk=iphoneos*]" = YES;
				"INFOPLIST_KEY_UILaunchScreen_Generation[sdk=iphonesimulator*]" = YES;
				"INFOPLIST_KEY_UIStatusBarStyle[sdk=iphoneos*]" = UIStatusBarStyleDefault;
				"INFOPLIST_KEY_UIStatusBarStyle[sdk=iphonesimulator*]" = UIStatusBarStyleDefault;
				INFOPLIST_KEY_UISupportedInterfaceOrientations_iPad = "UIInterfaceOrientationPortrait UIInterfaceOrientationPortraitUpsideDown UIInterfaceOrientationLandscapeLeft UIInterfaceOrientationLandscapeRight";
				INFOPLIST_KEY_UISupportedInterfaceOrientations_iPhone = "UIInterfaceOrientationPortrait UIInterfaceOrientationLandscapeLeft UIInterfaceOrientationLandscapeRight";
				IPHONEOS_DEPLOYMENT_TARGET = 26.0;
				LD_RUNPATH_SEARCH_PATHS = "@executable_path/Frameworks";
				"LD_RUNPATH_SEARCH_PATHS[sdk=macosx*]" = "@executable_path/../Frameworks";
				MACOSX_DEPLOYMENT_TARGET = 14.0;
				MARKETING_VERSION = 1.0;
				PRODUCT_BUNDLE_IDENTIFIER = com.momolas.PASTQUEEN;
				PRODUCT_NAME = "$(TARGET_NAME)";
				SDKROOT = auto;
				SUPPORTED_PLATFORMS = "iphoneos iphonesimulator";
				SUPPORTS_MACCATALYST = NO;
				SWIFT_EMIT_LOC_STRINGS = YES;
				SWIFT_VERSION = 5.0;
				TARGETED_DEVICE_FAMILY = "1,2";
			};
			name = Debug;
		};
		CD99740828D49B4800C9D3FD /* Release */ = {
			isa = XCBuildConfiguration;
			buildSettings = {
				ASSETCATALOG_COMPILER_APPICON_NAME = AppIcon;
				ASSETCATALOG_COMPILER_GLOBAL_ACCENT_COLOR_NAME = AccentColor;
				CODE_SIGN_ENTITLEMENTS = PASTQUEEN/PASTQUEEN.entitlements;
				CODE_SIGN_INJECT_BASE_ENTITLEMENTS = NO;
				CODE_SIGN_STYLE = Automatic;
				CURRENT_PROJECT_VERSION = 1;
				DEAD_CODE_STRIPPING = YES;
				DEPLOYMENT_POSTPROCESSING = YES;
				DEVELOPMENT_ASSET_PATHS = "\"PASTQUEEN/Preview Content\"";
				ENABLE_HARDENED_RUNTIME = YES;
				ENABLE_PREVIEWS = YES;
				GENERATE_INFOPLIST_FILE = YES;
				INFOPLIST_KEY_LSApplicationCategoryType = "public.app-category.utilities";
				INFOPLIST_KEY_NSLocationWhenInUseUsageDescription = "Apps need access your location";
				"INFOPLIST_KEY_UIApplicationSceneManifest_Generation[sdk=iphoneos*]" = YES;
				"INFOPLIST_KEY_UIApplicationSceneManifest_Generation[sdk=iphonesimulator*]" = YES;
				"INFOPLIST_KEY_UIApplicationSupportsIndirectInputEvents[sdk=iphoneos*]" = YES;
				"INFOPLIST_KEY_UIApplicationSupportsIndirectInputEvents[sdk=iphonesimulator*]" = YES;
				"INFOPLIST_KEY_UILaunchScreen_Generation[sdk=iphoneos*]" = YES;
				"INFOPLIST_KEY_UILaunchScreen_Generation[sdk=iphonesimulator*]" = YES;
				"INFOPLIST_KEY_UIStatusBarStyle[sdk=iphoneos*]" = UIStatusBarStyleDefault;
				"INFOPLIST_KEY_UIStatusBarStyle[sdk=iphonesimulator*]" = UIStatusBarStyleDefault;
				INFOPLIST_KEY_UISupportedInterfaceOrientations_iPad = "UIInterfaceOrientationPortrait UIInterfaceOrientationPortraitUpsideDown UIInterfaceOrientationLandscapeLeft UIInterfaceOrientationLandscapeRight";
				INFOPLIST_KEY_UISupportedInterfaceOrientations_iPhone = "UIInterfaceOrientationPortrait UIInterfaceOrientationLandscapeLeft UIInterfaceOrientationLandscapeRight";
				IPHONEOS_DEPLOYMENT_TARGET = 26.0;
				LD_RUNPATH_SEARCH_PATHS = "@executable_path/Frameworks";
				"LD_RUNPATH_SEARCH_PATHS[sdk=macosx*]" = "@executable_path/../Frameworks";
				MACOSX_DEPLOYMENT_TARGET = 14.0;
				MARKETING_VERSION = 1.0;
				PRODUCT_BUNDLE_IDENTIFIER = com.momolas.PASTQUEEN;
				PRODUCT_NAME = "$(TARGET_NAME)";
				SDKROOT = auto;
				SUPPORTED_PLATFORMS = "iphoneos iphonesimulator";
				SUPPORTS_MACCATALYST = NO;
				SWIFT_EMIT_LOC_STRINGS = YES;
				SWIFT_VERSION = 5.0;
				TARGETED_DEVICE_FAMILY = "1,2";
			};
			name = Release;
		};
/* End XCBuildConfiguration section */

/* Begin XCConfigurationList section */
		CD9973F228D49B4600C9D3FD /* Build configuration list for PBXProject "PASTQUEEN" */ = {
			isa = XCConfigurationList;
			buildConfigurations = (
				CD99740428D49B4800C9D3FD /* Debug */,
				CD99740528D49B4800C9D3FD /* Release */,
			);
			defaultConfigurationIsVisible = 0;
			defaultConfigurationName = Release;
		};
		CD99740628D49B4800C9D3FD /* Build configuration list for PBXNativeTarget "PASTQUEEN" */ = {
			isa = XCConfigurationList;
			buildConfigurations = (
				CD99740728D49B4800C9D3FD /* Debug */,
				CD99740828D49B4800C9D3FD /* Release */,
			);
			defaultConfigurationIsVisible = 0;
			defaultConfigurationName = Release;
		};
/* End XCConfigurationList section */

/* Begin XCRemoteSwiftPackageReference section */
		CDBEAE682F65E8B700D3A843 /* XCRemoteSwiftPackageReference "swift-ballistics.git" */ = {
			isa = XCRemoteSwiftPackageReference;
			repositoryURL = "https://github.com/raydowe/swift-ballistics.git";
			requirement = {
				branch = main;
				kind = branch;
			};
		};
/* End XCRemoteSwiftPackageReference section */

/* Begin XCSwiftPackageProductDependency section */
		CDBEAE692F65E8B700D3A843 /* Ballistics */ = {
			isa = XCSwiftPackageProductDependency;
			package = CDBEAE682F65E8B700D3A843 /* XCRemoteSwiftPackageReference "swift-ballistics.git" */;
			productName = Ballistics;
		};
/* End XCSwiftPackageProductDependency section */
	};
	rootObject = CD9973EF28D49B4600C9D3FD /* Project object */;
}
