{
  "originHash" : "432c8e6a4ee173ee36783ab382591f3711af488f03a7ebf0d195a719ab20c395",
  "pins" : [
    {
      "identity" : "swift-ballistics",
      "kind" : "remoteSourceControl",
      "location" : "https://github.com/momolas/swift-ballistics.git",
      "state" : {
        "branch" : "main",
        "revision" : "b110402abd606f4bac902fa09054c6dc2f2367e3"
      }
    }
  ],
  "version" : 3
}
