{
  "originHash" : "0a73e4282a7a9e58d3f1b97716e7cf4f528215140730e5bfda3386bfe40083c9",
  "pins" : [
    {
      "identity" : "swift-ballistics",
      "kind" : "remoteSourceControl",
      "location" : "https://github.com/raydowe/swift-ballistics.git",
      "state" : {
        "branch" : "main",
        "revision" : "71f725c1235e1b0c81bad6af133c0574e04789c9"
      }
    }
  ],
  "version" : 3
}
