{
  "originHash" : "432c8e6a4ee173ee36783ab382591f3711af488f03a7ebf0d195a719ab20c395",
  "pins" : [
    {
      "identity" : "swift-ballistics",
      "kind" : "remoteSourceControl",
      "location" : "https://github.com/momolas/swift-ballistics.git",
      "state" : {
        "revision" : "0c391ac8d4ebfa37cb6e98ab58da3fd23d50b21b",
        "version" : "1.1.0"
      }
    }
  ],
  "version" : 3
}
